
Microsoft Visual Studio Solution File, Format Version 12.00
# Visual Studio Version 17
VisualStudioVersion = 17.3.32825.248
MinimumVisualStudioVersion = 10.0.40219.1
Project("{FAE04EC0-301F-11D3-BF4B-00C04F79EFBC}") = "wpf1", "wpf1.csproj", "{99036638-2A02-4AE3-80D3-3B45AB42308B}"
EndProject
Global
	GlobalSection(SolutionConfigurationPlatforms) = preSolution
		Debug|Any CPU = Debug|Any CPU
		Release|Any CPU = Release|Any CPU
	EndGlobalSection
	GlobalSection(ProjectConfigurationPlatforms) = postSolution
		{99036638-2A02-4AE3-80D3-3B45AB42308B}.Debug|Any CPU.ActiveCfg = Debug|Any CPU
		{99036638-2A02-4AE3-80D3-3B45AB42308B}.Debug|Any CPU.Build.0 = Debug|Any CPU
		{99036638-2A02-4AE3-80D3-3B45AB42308B}.Release|Any CPU.ActiveCfg = Release|Any CPU
		{99036638-2A02-4AE3-80D3-3B45AB42308B}.Release|Any CPU.Build.0 = Release|Any CPU
	EndGlobalSection
	GlobalSection(SolutionProperties) = preSolution
		HideSolutionNode = FALSE
	EndGlobalSection
	GlobalSection(ExtensibilityGlobals) = postSolution
		SolutionGuid = {05132271-4344-4EEA-81FF-951A3AEB59E6}
	EndGlobalSection
EndGlobal
