
Microsoft Visual Studio Solution File, Format Version 12.00
# Visual Studio Version 17
VisualStudioVersion = 17.3.32825.248
MinimumVisualStudioVersion = 10.0.40219.1
Project("{FAE04EC0-301F-11D3-BF4B-00C04F79EFBC}") = "listazadan", "listazadan.csproj", "{1B67CB5F-1E89-4C1D-8088-9B73C114EB20}"
EndProject
Global
	GlobalSection(SolutionConfigurationPlatforms) = preSolution
		Debug|Any CPU = Debug|Any CPU
		Release|Any CPU = Release|Any CPU
	EndGlobalSection
	GlobalSection(ProjectConfigurationPlatforms) = postSolution
		{1B67CB5F-1E89-4C1D-8088-9B73C114EB20}.Debug|Any CPU.ActiveCfg = Debug|Any CPU
		{1B67CB5F-1E89-4C1D-8088-9B73C114EB20}.Debug|Any CPU.Build.0 = Debug|Any CPU
		{1B67CB5F-1E89-4C1D-8088-9B73C114EB20}.Release|Any CPU.ActiveCfg = Release|Any CPU
		{1B67CB5F-1E89-4C1D-8088-9B73C114EB20}.Release|Any CPU.Build.0 = Release|Any CPU
	EndGlobalSection
	GlobalSection(SolutionProperties) = preSolution
		HideSolutionNode = FALSE
	EndGlobalSection
	GlobalSection(ExtensibilityGlobals) = postSolution
		SolutionGuid = {653C2DEB-2410-4D91-8557-66EB2FDCE56A}
	EndGlobalSection
EndGlobal
